
Microsoft Visual Studio Solution File, Format Version 12.00
# Visual Studio Version 17
VisualStudioVersion = 17.2.32630.192
MinimumVisualStudioVersion = 10.0.40219.1
Project("{9A19103F-16F7-4668-BE54-9A1E7A4F7556}") = "CheckoutBLL", "CheckoutBLL\CheckoutBLL.csproj", "{2BEBE88D-4F33-458D-B7BA-14FE6F86B9A4}"
EndProject
Project("{9A19103F-16F7-4668-BE54-9A1E7A4F7556}") = "CheckoutBLL.Tests", "CheckoutBLL.Tests\CheckoutBLL.Tests.csproj", "{78085C02-D38F-4DAB-8FBE-070DBFAE5055}"
EndProject
Global
	GlobalSection(SolutionConfigurationPlatforms) = preSolution
		Debug|Any CPU = Debug|Any CPU
		Release|Any CPU = Release|Any CPU
	EndGlobalSection
	GlobalSection(ProjectConfigurationPlatforms) = postSolution
		{2BEBE88D-4F33-458D-B7BA-14FE6F86B9A4}.Debug|Any CPU.ActiveCfg = Debug|Any CPU
		{2BEBE88D-4F33-458D-B7BA-14FE6F86B9A4}.Debug|Any CPU.Build.0 = Debug|Any CPU
		{2BEBE88D-4F33-458D-B7BA-14FE6F86B9A4}.Release|Any CPU.ActiveCfg = Release|Any CPU
		{2BEBE88D-4F33-458D-B7BA-14FE6F86B9A4}.Release|Any CPU.Build.0 = Release|Any CPU
		{78085C02-D38F-4DAB-8FBE-070DBFAE5055}.Debug|Any CPU.ActiveCfg = Debug|Any CPU
		{78085C02-D38F-4DAB-8FBE-070DBFAE5055}.Debug|Any CPU.Build.0 = Debug|Any CPU
		{78085C02-D38F-4DAB-8FBE-070DBFAE5055}.Release|Any CPU.ActiveCfg = Release|Any CPU
		{78085C02-D38F-4DAB-8FBE-070DBFAE5055}.Release|Any CPU.Build.0 = Release|Any CPU
	EndGlobalSection
	GlobalSection(SolutionProperties) = preSolution
		HideSolutionNode = FALSE
	EndGlobalSection
	GlobalSection(ExtensibilityGlobals) = postSolution
		SolutionGuid = {629D3F00-03D0-43F7-AF2E-313421BA7027}
	EndGlobalSection
EndGlobal
